
Microsoft Visual Studio Solution File, Format Version 12.00
# Visual Studio Version 16
VisualStudioVersion = 16.0.30711.63
MinimumVisualStudioVersion = 10.0.40219.1
Project("{9A19103F-16F7-4668-BE54-9A1E7A4F7556}") = "RocketInsights.Common", "RocketInsights.Common\RocketInsights.Common.csproj", "{2AC2450A-1B09-4244-BE01-42AD6A4410F4}"
EndProject
Project("{FAE04EC0-301F-11D3-BF4B-00C04F79EFBC}") = "RocketInsights.Tests", "RocketInsights.Tests\RocketInsights.Tests.csproj", "{9023D8D3-AACB-46B2-872C-D5BCE9ED2413}"
EndProject
Global
	GlobalSection(SolutionConfigurationPlatforms) = preSolution
		Debug|Any CPU = Debug|Any CPU
		Release|Any CPU = Release|Any CPU
	EndGlobalSection
	GlobalSection(ProjectConfigurationPlatforms) = postSolution
		{2AC2450A-1B09-4244-BE01-42AD6A4410F4}.Debug|Any CPU.ActiveCfg = Debug|Any CPU
		{2AC2450A-1B09-4244-BE01-42AD6A4410F4}.Debug|Any CPU.Build.0 = Debug|Any CPU
		{2AC2450A-1B09-4244-BE01-42AD6A4410F4}.Release|Any CPU.ActiveCfg = Release|Any CPU
		{2AC2450A-1B09-4244-BE01-42AD6A4410F4}.Release|Any CPU.Build.0 = Release|Any CPU
		{9023D8D3-AACB-46B2-872C-D5BCE9ED2413}.Debug|Any CPU.ActiveCfg = Debug|Any CPU
		{9023D8D3-AACB-46B2-872C-D5BCE9ED2413}.Debug|Any CPU.Build.0 = Debug|Any CPU
		{9023D8D3-AACB-46B2-872C-D5BCE9ED2413}.Release|Any CPU.ActiveCfg = Release|Any CPU
		{9023D8D3-AACB-46B2-872C-D5BCE9ED2413}.Release|Any CPU.Build.0 = Release|Any CPU
	EndGlobalSection
	GlobalSection(SolutionProperties) = preSolution
		HideSolutionNode = FALSE
	EndGlobalSection
	GlobalSection(ExtensibilityGlobals) = postSolution
		SolutionGuid = {0904E15D-0535-4207-B6B6-83A605BB2590}
	EndGlobalSection
EndGlobal
